
Microsoft Visual Studio Solution File, Format Version 12.00
# Visual Studio Version 17
VisualStudioVersion = 17.4.33213.308
MinimumVisualStudioVersion = 10.0.40219.1
Project("{FAE04EC0-301F-11D3-BF4B-00C04F79EFBC}") = "Calculadora", "Calculadora\Calculadora.csproj", "{EAB2DB65-60D4-4958-9AC2-7DECEB090055}"
EndProject
Global
	GlobalSection(SolutionConfigurationPlatforms) = preSolution
		Debug|Any CPU = Debug|Any CPU
		Release|Any CPU = Release|Any CPU
	EndGlobalSection
	GlobalSection(ProjectConfigurationPlatforms) = postSolution
		{EAB2DB65-60D4-4958-9AC2-7DECEB090055}.Debug|Any CPU.ActiveCfg = Debug|Any CPU
		{EAB2DB65-60D4-4958-9AC2-7DECEB090055}.Debug|Any CPU.Build.0 = Debug|Any CPU
		{EAB2DB65-60D4-4958-9AC2-7DECEB090055}.Release|Any CPU.ActiveCfg = Release|Any CPU
		{EAB2DB65-60D4-4958-9AC2-7DECEB090055}.Release|Any CPU.Build.0 = Release|Any CPU
	EndGlobalSection
	GlobalSection(SolutionProperties) = preSolution
		HideSolutionNode = FALSE
	EndGlobalSection
	GlobalSection(ExtensibilityGlobals) = postSolution
		SolutionGuid = {45504808-B164-4417-BDF1-8C1F06B09205}
	EndGlobalSection
EndGlobal
